
Microsoft Visual Studio Solution File, Format Version 12.00
# Visual Studio Version 17
VisualStudioVersion = 17.10.35013.160
MinimumVisualStudioVersion = 10.0.40219.1
Project("{FAE04EC0-301F-11D3-BF4B-00C04F79EFBC}") = "ADETProjApp", "ADETProjApp.csproj", "{FC49DE7C-6281-4905-81A7-9E5515DD401E}"
EndProject
Project("{9A19103F-16F7-4668-BE54-9A1E7A4F7556}") = "paymongo-sharp", "..\..\..\Downloads\Folder\paymongo-sharp-master\paymongo-sharp\paymongo-sharp.csproj", "{8B35A06B-D07A-4A54-BF67-DAAAEBD9B4F3}"
EndProject
Project("{9A19103F-16F7-4668-BE54-9A1E7A4F7556}") = "paymongo-sharp.tests", "..\..\..\Downloads\Folder\paymongo-sharp-master\paymongo-sharp.tests\paymongo-sharp.tests.csproj", "{B9D0E187-64DC-4A2A-8004-47B0D78F06B3}"
EndProject
Global
	GlobalSection(SolutionConfigurationPlatforms) = preSolution
		Debug|Any CPU = Debug|Any CPU
		Release|Any CPU = Release|Any CPU
	EndGlobalSection
	GlobalSection(ProjectConfigurationPlatforms) = postSolution
		{FC49DE7C-6281-4905-81A7-9E5515DD401E}.Debug|Any CPU.ActiveCfg = Debug|Any CPU
		{FC49DE7C-6281-4905-81A7-9E5515DD401E}.Debug|Any CPU.Build.0 = Debug|Any CPU
		{FC49DE7C-6281-4905-81A7-9E5515DD401E}.Release|Any CPU.ActiveCfg = Release|Any CPU
		{FC49DE7C-6281-4905-81A7-9E5515DD401E}.Release|Any CPU.Build.0 = Release|Any CPU
		{8B35A06B-D07A-4A54-BF67-DAAAEBD9B4F3}.Debug|Any CPU.ActiveCfg = Debug|Any CPU
		{8B35A06B-D07A-4A54-BF67-DAAAEBD9B4F3}.Debug|Any CPU.Build.0 = Debug|Any CPU
		{8B35A06B-D07A-4A54-BF67-DAAAEBD9B4F3}.Release|Any CPU.ActiveCfg = Release|Any CPU
		{8B35A06B-D07A-4A54-BF67-DAAAEBD9B4F3}.Release|Any CPU.Build.0 = Release|Any CPU
		{B9D0E187-64DC-4A2A-8004-47B0D78F06B3}.Debug|Any CPU.ActiveCfg = Debug|Any CPU
		{B9D0E187-64DC-4A2A-8004-47B0D78F06B3}.Debug|Any CPU.Build.0 = Debug|Any CPU
		{B9D0E187-64DC-4A2A-8004-47B0D78F06B3}.Release|Any CPU.ActiveCfg = Release|Any CPU
		{B9D0E187-64DC-4A2A-8004-47B0D78F06B3}.Release|Any CPU.Build.0 = Release|Any CPU
	EndGlobalSection
	GlobalSection(SolutionProperties) = preSolution
		HideSolutionNode = FALSE
	EndGlobalSection
	GlobalSection(ExtensibilityGlobals) = postSolution
		SolutionGuid = {964671B4-F965-4C69-8116-1BACC25114BB}
	EndGlobalSection
EndGlobal
